
Microsoft Visual Studio Solution File, Format Version 12.00
# Visual Studio Version 16
VisualStudioVersion = 16.0.31112.23
MinimumVisualStudioVersion = 10.0.40219.1
Project("{FAE04EC0-301F-11D3-BF4B-00C04F79EFBC}") = "NetCore", "NetCore\NetCore.csproj", "{469D1DD0-01F2-4D7B-B43E-10E695892CDD}"
EndProject
Global
	GlobalSection(SolutionConfigurationPlatforms) = preSolution
		Debug|Any CPU = Debug|Any CPU
		Release|Any CPU = Release|Any CPU
	EndGlobalSection
	GlobalSection(ProjectConfigurationPlatforms) = postSolution
		{469D1DD0-01F2-4D7B-B43E-10E695892CDD}.Debug|Any CPU.ActiveCfg = Debug|Any CPU
		{469D1DD0-01F2-4D7B-B43E-10E695892CDD}.Debug|Any CPU.Build.0 = Debug|Any CPU
		{469D1DD0-01F2-4D7B-B43E-10E695892CDD}.Release|Any CPU.ActiveCfg = Release|Any CPU
		{469D1DD0-01F2-4D7B-B43E-10E695892CDD}.Release|Any CPU.Build.0 = Release|Any CPU
	EndGlobalSection
	GlobalSection(SolutionProperties) = preSolution
		HideSolutionNode = FALSE
	EndGlobalSection
	GlobalSection(ExtensibilityGlobals) = postSolution
		SolutionGuid = {8C275D82-D0A1-492A-89F9-CCD3158C0C1E}
	EndGlobalSection
EndGlobal
